
Microsoft Visual Studio Solution File, Format Version 12.00
Project("{FAE04EC0-301F-11D3-BF4B-00C04F79EFBC}") = "EFCore.TemporaryEntities", "EFCore.TemporaryEntities\EFCore.TemporaryEntities.csproj", "{C45B6402-80E2-4E5B-83BF-9CDA351BF820}"
EndProject
Project("{2150E333-8FDC-42A3-9474-1A3956D46DE8}") = "src", "src", "{068B50A2-888F-4947-AC35-26D1D956CCB5}"
EndProject
Project("{2150E333-8FDC-42A3-9474-1A3956D46DE8}") = "providers", "providers", "{FC1E7B70-DD63-44A1-9936-B0F7D8D9D937}"
EndProject
Project("{FAE04EC0-301F-11D3-BF4B-00C04F79EFBC}") = "EFCore.TemporaryEntities.Sqlite", "EFCore.TemporaryEntities.Sqlite\EFCore.TemporaryEntities.Sqlite.csproj", "{CD0A0523-2111-4F24-93E1-BE4C5B79F676}"
EndProject
Project("{2150E333-8FDC-42A3-9474-1A3956D46DE8}") = "samples", "samples", "{07CFBA5C-2471-4920-AA74-89422C47F5F0}"
EndProject
Project("{FAE04EC0-301F-11D3-BF4B-00C04F79EFBC}") = "EFCore.TemporaryEntities.Sample", "EFCore.TemporaryEntities.Sample\EFCore.TemporaryEntities.Sample.csproj", "{0277BDC1-F71A-4437-837D-899F31710844}"
EndProject
Global
	GlobalSection(SolutionConfigurationPlatforms) = preSolution
		Debug|Any CPU = Debug|Any CPU
		Release|Any CPU = Release|Any CPU
	EndGlobalSection
	GlobalSection(ProjectConfigurationPlatforms) = postSolution
		{C45B6402-80E2-4E5B-83BF-9CDA351BF820}.Debug|Any CPU.ActiveCfg = Debug|Any CPU
		{C45B6402-80E2-4E5B-83BF-9CDA351BF820}.Debug|Any CPU.Build.0 = Debug|Any CPU
		{C45B6402-80E2-4E5B-83BF-9CDA351BF820}.Release|Any CPU.ActiveCfg = Release|Any CPU
		{C45B6402-80E2-4E5B-83BF-9CDA351BF820}.Release|Any CPU.Build.0 = Release|Any CPU
		{CD0A0523-2111-4F24-93E1-BE4C5B79F676}.Debug|Any CPU.ActiveCfg = Debug|Any CPU
		{CD0A0523-2111-4F24-93E1-BE4C5B79F676}.Debug|Any CPU.Build.0 = Debug|Any CPU
		{CD0A0523-2111-4F24-93E1-BE4C5B79F676}.Release|Any CPU.ActiveCfg = Release|Any CPU
		{CD0A0523-2111-4F24-93E1-BE4C5B79F676}.Release|Any CPU.Build.0 = Release|Any CPU
		{0277BDC1-F71A-4437-837D-899F31710844}.Debug|Any CPU.ActiveCfg = Debug|Any CPU
		{0277BDC1-F71A-4437-837D-899F31710844}.Debug|Any CPU.Build.0 = Debug|Any CPU
		{0277BDC1-F71A-4437-837D-899F31710844}.Release|Any CPU.ActiveCfg = Release|Any CPU
		{0277BDC1-F71A-4437-837D-899F31710844}.Release|Any CPU.Build.0 = Release|Any CPU
	EndGlobalSection
	GlobalSection(NestedProjects) = preSolution
		{FC1E7B70-DD63-44A1-9936-B0F7D8D9D937} = {068B50A2-888F-4947-AC35-26D1D956CCB5}
		{C45B6402-80E2-4E5B-83BF-9CDA351BF820} = {068B50A2-888F-4947-AC35-26D1D956CCB5}
		{CD0A0523-2111-4F24-93E1-BE4C5B79F676} = {FC1E7B70-DD63-44A1-9936-B0F7D8D9D937}
		{0277BDC1-F71A-4437-837D-899F31710844} = {07CFBA5C-2471-4920-AA74-89422C47F5F0}
	EndGlobalSection
EndGlobal
